
Microsoft Visual Studio Solution File, Format Version 12.00
# Visual Studio Version 17
VisualStudioVersion = 17.5.002.0
MinimumVisualStudioVersion = 10.0.40219.1
Project("{2150E333-8FDC-42A3-9474-1A3956D46DE8}") = "API", "API", "{B8E459FE-1587-4CF9-8E47-4A26C630674A}"
EndProject
Project("{9A19103F-16F7-4668-BE54-9A1E7A4F7556}") = "sender", "API\sender\sender.csproj", "{1192CFD7-B9CF-46F8-AF70-1F0F7D953305}"
EndProject
Global
	GlobalSection(SolutionConfigurationPlatforms) = preSolution
		Debug|Any CPU = Debug|Any CPU
		Release|Any CPU = Release|Any CPU
	EndGlobalSection
	GlobalSection(ProjectConfigurationPlatforms) = postSolution
		{1192CFD7-B9CF-46F8-AF70-1F0F7D953305}.Debug|Any CPU.ActiveCfg = Debug|Any CPU
		{1192CFD7-B9CF-46F8-AF70-1F0F7D953305}.Debug|Any CPU.Build.0 = Debug|Any CPU
		{1192CFD7-B9CF-46F8-AF70-1F0F7D953305}.Release|Any CPU.ActiveCfg = Release|Any CPU
		{1192CFD7-B9CF-46F8-AF70-1F0F7D953305}.Release|Any CPU.Build.0 = Release|Any CPU
	EndGlobalSection
	GlobalSection(SolutionProperties) = preSolution
		HideSolutionNode = FALSE
	EndGlobalSection
	GlobalSection(NestedProjects) = preSolution
		{1192CFD7-B9CF-46F8-AF70-1F0F7D953305} = {B8E459FE-1587-4CF9-8E47-4A26C630674A}
	EndGlobalSection
	GlobalSection(ExtensibilityGlobals) = postSolution
		SolutionGuid = {13C29314-C948-4A50-B18B-D2193A8115CE}
	EndGlobalSection
EndGlobal
